
Microsoft Visual Studio Solution File, Format Version 12.00
# Visual Studio 15
VisualStudioVersion = 15.0.26730.15
MinimumVisualStudioVersion = 10.0.40219.1
Project("{2150E333-8FDC-42A3-9474-1A3956D46DE8}") = "Libraries", "Libraries", "{9F969C7D-F4CA-4E18-A182-5C5A3ABBC326}"
EndProject
Project("{2150E333-8FDC-42A3-9474-1A3956D46DE8}") = "Presentation", "Presentation", "{32B0B983-E700-41F5-BEB1-B1AA279A443D}"
EndProject
Project("{2150E333-8FDC-42A3-9474-1A3956D46DE8}") = "Tests", "Tests", "{7BBDB76B-D4CA-4941-BFED-E75BA4C01125}"
EndProject
Project("{9A19103F-16F7-4668-BE54-9A1E7A4F7556}") = "Asp.Core", "Libraries\Asp.Core\Asp.Core.csproj", "{F2128F15-C275-442F-A2C8-8E5128B0CEDF}"
EndProject
Project("{9A19103F-16F7-4668-BE54-9A1E7A4F7556}") = "Asp.Data", "Libraries\Asp.Data\Asp.Data.csproj", "{C8FF1BB4-699A-4DFD-8CA0-62CDBB26A9F7}"
EndProject
Project("{9A19103F-16F7-4668-BE54-9A1E7A4F7556}") = "Asp.NovellDirectoryLdap", "Libraries\Asp.NovellDirectoryLdap\Asp.NovellDirectoryLdap.csproj", "{37513C57-06A1-42DD-8779-DBBFFE89C8DA}"
EndProject
Project("{9A19103F-16F7-4668-BE54-9A1E7A4F7556}") = "Asp.Web.Common", "Presentation\Asp.Web.Common\Asp.Web.Common.csproj", "{2CE0FB89-81F3-47F1-82AF-22600BC729D7}"
EndProject
Project("{9A19103F-16F7-4668-BE54-9A1E7A4F7556}") = "Asp.Web", "Presentation\Asp.Web\Asp.Web.csproj", "{5896B6EB-E646-4AF3-90DD-04986EEE855F}"
EndProject
Project("{9A19103F-16F7-4668-BE54-9A1E7A4F7556}") = "Asp.Repositories", "Libraries\Asp.Repositories\Asp.Repositories.csproj", "{7FD30005-7186-48FC-AAA9-79743A79F65F}"
EndProject
Project("{9A19103F-16F7-4668-BE54-9A1E7A4F7556}") = "Asp.Repositories.Tests", "Tests\Asp.Repositories.Tests\Asp.Repositories.Tests.csproj", "{E1B64F0C-E2A7-4194-B218-B7F2ACF16788}"
EndProject
Project("{9A19103F-16F7-4668-BE54-9A1E7A4F7556}") = "Asp.Emails", "Libraries\Asp.Emails\Asp.Emails.csproj", "{1EEBC40A-2317-4E0B-AD61-A0D2E39BCCB6}"
EndProject
Project("{FAE04EC0-301F-11D3-BF4B-00C04F79EFBC}") = "Asp.Web.Tests", "Tests\Asp.Web.Tests\Asp.Web.Tests.csproj", "{61319B42-B49E-4DB2-8587-2BF614668A6D}"
EndProject
Global
	GlobalSection(SolutionConfigurationPlatforms) = preSolution
		Debug|Any CPU = Debug|Any CPU
		Release|Any CPU = Release|Any CPU
	EndGlobalSection
	GlobalSection(ProjectConfigurationPlatforms) = postSolution
		{F2128F15-C275-442F-A2C8-8E5128B0CEDF}.Debug|Any CPU.ActiveCfg = Debug|Any CPU
		{F2128F15-C275-442F-A2C8-8E5128B0CEDF}.Debug|Any CPU.Build.0 = Debug|Any CPU
		{F2128F15-C275-442F-A2C8-8E5128B0CEDF}.Release|Any CPU.ActiveCfg = Release|Any CPU
		{F2128F15-C275-442F-A2C8-8E5128B0CEDF}.Release|Any CPU.Build.0 = Release|Any CPU
		{C8FF1BB4-699A-4DFD-8CA0-62CDBB26A9F7}.Debug|Any CPU.ActiveCfg = Debug|Any CPU
		{C8FF1BB4-699A-4DFD-8CA0-62CDBB26A9F7}.Debug|Any CPU.Build.0 = Debug|Any CPU
		{C8FF1BB4-699A-4DFD-8CA0-62CDBB26A9F7}.Release|Any CPU.ActiveCfg = Release|Any CPU
		{C8FF1BB4-699A-4DFD-8CA0-62CDBB26A9F7}.Release|Any CPU.Build.0 = Release|Any CPU
		{37513C57-06A1-42DD-8779-DBBFFE89C8DA}.Debug|Any CPU.ActiveCfg = Debug|Any CPU
		{37513C57-06A1-42DD-8779-DBBFFE89C8DA}.Debug|Any CPU.Build.0 = Debug|Any CPU
		{37513C57-06A1-42DD-8779-DBBFFE89C8DA}.Release|Any CPU.ActiveCfg = Release|Any CPU
		{37513C57-06A1-42DD-8779-DBBFFE89C8DA}.Release|Any CPU.Build.0 = Release|Any CPU
		{2CE0FB89-81F3-47F1-82AF-22600BC729D7}.Debug|Any CPU.ActiveCfg = Debug|Any CPU
		{2CE0FB89-81F3-47F1-82AF-22600BC729D7}.Debug|Any CPU.Build.0 = Debug|Any CPU
		{2CE0FB89-81F3-47F1-82AF-22600BC729D7}.Release|Any CPU.ActiveCfg = Release|Any CPU
		{2CE0FB89-81F3-47F1-82AF-22600BC729D7}.Release|Any CPU.Build.0 = Release|Any CPU
		{5896B6EB-E646-4AF3-90DD-04986EEE855F}.Debug|Any CPU.ActiveCfg = Debug|Any CPU
		{5896B6EB-E646-4AF3-90DD-04986EEE855F}.Debug|Any CPU.Build.0 = Debug|Any CPU
		{5896B6EB-E646-4AF3-90DD-04986EEE855F}.Release|Any CPU.ActiveCfg = Release|Any CPU
		{5896B6EB-E646-4AF3-90DD-04986EEE855F}.Release|Any CPU.Build.0 = Release|Any CPU
		{7FD30005-7186-48FC-AAA9-79743A79F65F}.Debug|Any CPU.ActiveCfg = Debug|Any CPU
		{7FD30005-7186-48FC-AAA9-79743A79F65F}.Debug|Any CPU.Build.0 = Debug|Any CPU
		{7FD30005-7186-48FC-AAA9-79743A79F65F}.Release|Any CPU.ActiveCfg = Release|Any CPU
		{7FD30005-7186-48FC-AAA9-79743A79F65F}.Release|Any CPU.Build.0 = Release|Any CPU
		{E1B64F0C-E2A7-4194-B218-B7F2ACF16788}.Debug|Any CPU.ActiveCfg = Debug|Any CPU
		{E1B64F0C-E2A7-4194-B218-B7F2ACF16788}.Debug|Any CPU.Build.0 = Debug|Any CPU
		{E1B64F0C-E2A7-4194-B218-B7F2ACF16788}.Release|Any CPU.ActiveCfg = Release|Any CPU
		{E1B64F0C-E2A7-4194-B218-B7F2ACF16788}.Release|Any CPU.Build.0 = Release|Any CPU
		{1EEBC40A-2317-4E0B-AD61-A0D2E39BCCB6}.Debug|Any CPU.ActiveCfg = Debug|Any CPU
		{1EEBC40A-2317-4E0B-AD61-A0D2E39BCCB6}.Debug|Any CPU.Build.0 = Debug|Any CPU
		{1EEBC40A-2317-4E0B-AD61-A0D2E39BCCB6}.Release|Any CPU.ActiveCfg = Release|Any CPU
		{1EEBC40A-2317-4E0B-AD61-A0D2E39BCCB6}.Release|Any CPU.Build.0 = Release|Any CPU
		{61319B42-B49E-4DB2-8587-2BF614668A6D}.Debug|Any CPU.ActiveCfg = Debug|Any CPU
		{61319B42-B49E-4DB2-8587-2BF614668A6D}.Debug|Any CPU.Build.0 = Debug|Any CPU
		{61319B42-B49E-4DB2-8587-2BF614668A6D}.Release|Any CPU.ActiveCfg = Release|Any CPU
		{61319B42-B49E-4DB2-8587-2BF614668A6D}.Release|Any CPU.Build.0 = Release|Any CPU
	EndGlobalSection
	GlobalSection(SolutionProperties) = preSolution
		HideSolutionNode = FALSE
	EndGlobalSection
	GlobalSection(NestedProjects) = preSolution
		{F2128F15-C275-442F-A2C8-8E5128B0CEDF} = {9F969C7D-F4CA-4E18-A182-5C5A3ABBC326}
		{C8FF1BB4-699A-4DFD-8CA0-62CDBB26A9F7} = {9F969C7D-F4CA-4E18-A182-5C5A3ABBC326}
		{37513C57-06A1-42DD-8779-DBBFFE89C8DA} = {9F969C7D-F4CA-4E18-A182-5C5A3ABBC326}
		{2CE0FB89-81F3-47F1-82AF-22600BC729D7} = {32B0B983-E700-41F5-BEB1-B1AA279A443D}
		{5896B6EB-E646-4AF3-90DD-04986EEE855F} = {32B0B983-E700-41F5-BEB1-B1AA279A443D}
		{7FD30005-7186-48FC-AAA9-79743A79F65F} = {9F969C7D-F4CA-4E18-A182-5C5A3ABBC326}
		{E1B64F0C-E2A7-4194-B218-B7F2ACF16788} = {7BBDB76B-D4CA-4941-BFED-E75BA4C01125}
		{1EEBC40A-2317-4E0B-AD61-A0D2E39BCCB6} = {9F969C7D-F4CA-4E18-A182-5C5A3ABBC326}
		{61319B42-B49E-4DB2-8587-2BF614668A6D} = {7BBDB76B-D4CA-4941-BFED-E75BA4C01125}
	EndGlobalSection
	GlobalSection(ExtensibilityGlobals) = postSolution
		SolutionGuid = {85DF8A87-C235-4338-B9A1-5461C785A0B8}
	EndGlobalSection
EndGlobal
